// !$*UTF8*$!
{
	archiveVersion = 1;
	classes = {
	};
	objectVersion = 55;
	objects = {

/* Begin PBXBuildFile section */
		43A3462D28F6F157005F0172 /* AppDelegate.swift in Sources */ = {isa = PBXBuildFile; fileRef = 43A3462C28F6F157005F0172 /* AppDelegate.swift */; };
		43A3462F28F6F157005F0172 /* SceneDelegate.swift in Sources */ = {isa = PBXBuildFile; fileRef = 43A3462E28F6F157005F0172 /* SceneDelegate.swift */; };
		43A3463128F6F157005F0172 /* ViewController.swift in Sources */ = {isa = PBXBuildFile; fileRef = 43A3463028F6F157005F0172 /* ViewController.swift */; };
		43A3463428F6F157005F0172 /* Main.storyboard in Resources */ = {isa = PBXBuildFile; fileRef = 43A3463228F6F157005F0172 /* Main.storyboard */; };
		43A3463628F6F158005F0172 /* Assets.xcassets in Resources */ = {isa = PBXBuildFile; fileRef = 43A3463528F6F158005F0172 /* Assets.xcassets */; };
		43A3463928F6F158005F0172 /* LaunchScreen.storyboard in Resources */ = {isa = PBXBuildFile; fileRef = 43A3463728F6F158005F0172 /* LaunchScreen.storyboard */; };
		43A3464328F6F1D2005F0172 /* bridge.m in Sources */ = {isa = PBXBuildFile; fileRef = 43A3464228F6F1D2005F0172 /* bridge.m */; };
		43A3464728F7F54B005F0172 /* HistoryCell.swift in Sources */ = {isa = PBXBuildFile; fileRef = 43A3464628F7F54B005F0172 /* HistoryCell.swift */; };
		96D0F21C653E80E2A365117B /* Pods_Switcher.framework in Frameworks */ = {isa = PBXBuildFile; fileRef = 5C6B12BAE7AFB4B9D03D544D /* Pods_Switcher.framework */; };
/* End PBXBuildFile section */

/* Begin PBXFileReference section */
		43A3462928F6F157005F0172 /* Switcher.app */ = {isa = PBXFileReference; explicitFileType = wrapper.application; includeInIndex = 0; path = Switcher.app; sourceTree = BUILT_PRODUCTS_DIR; };
		43A3462C28F6F157005F0172 /* AppDelegate.swift */ = {isa = PBXFileReference; lastKnownFileType = sourcecode.swift; path = AppDelegate.swift; sourceTree = "<group>"; };
		43A3462E28F6F157005F0172 /* SceneDelegate.swift */ = {isa = PBXFileReference; lastKnownFileType = sourcecode.swift; path = SceneDelegate.swift; sourceTree = "<group>"; };
		43A3463028F6F157005F0172 /* ViewController.swift */ = {isa = PBXFileReference; lastKnownFileType = sourcecode.swift; path = ViewController.swift; sourceTree = "<group>"; };
		43A3463328F6F157005F0172 /* Base */ = {isa = PBXFileReference; lastKnownFileType = file.storyboard; name = Base; path = Base.lproj/Main.storyboard; sourceTree = "<group>"; };
		43A3463528F6F158005F0172 /* Assets.xcassets */ = {isa = PBXFileReference; lastKnownFileType = folder.assetcatalog; path = Assets.xcassets; sourceTree = "<group>"; };
		43A3463828F6F158005F0172 /* Base */ = {isa = PBXFileReference; lastKnownFileType = file.storyboard; name = Base; path = Base.lproj/LaunchScreen.storyboard; sourceTree = "<group>"; };
		43A3463A28F6F158005F0172 /* Info.plist */ = {isa = PBXFileReference; lastKnownFileType = text.plist.xml; path = Info.plist; sourceTree = "<group>"; };
		43A3464028F6F1D2005F0172 /* Switcher-Bridging-Header.h */ = {isa = PBXFileReference; lastKnownFileType = sourcecode.c.h; path = "Switcher-Bridging-Header.h"; sourceTree = "<group>"; };
		43A3464128F6F1D2005F0172 /* bridge.h */ = {isa = PBXFileReference; fileEncoding = 4; lastKnownFileType = sourcecode.c.h; path = bridge.h; sourceTree = "<group>"; };
		43A3464228F6F1D2005F0172 /* bridge.m */ = {isa = PBXFileReference; fileEncoding = 4; lastKnownFileType = sourcecode.c.objc; path = bridge.m; sourceTree = "<group>"; };
		43A3464628F7F54B005F0172 /* HistoryCell.swift */ = {isa = PBXFileReference; lastKnownFileType = sourcecode.swift; path = HistoryCell.swift; sourceTree = "<group>"; };
		58C338809992CAA49A60A538 /* Pods-Switcher.debug.xcconfig */ = {isa = PBXFileReference; includeInIndex = 1; lastKnownFileType = text.xcconfig; name = "Pods-Switcher.debug.xcconfig"; path = "Target Support Files/Pods-Switcher/Pods-Switcher.debug.xcconfig"; sourceTree = "<group>"; };
		5C6B12BAE7AFB4B9D03D544D /* Pods_Switcher.framework */ = {isa = PBXFileReference; explicitFileType = wrapper.framework; includeInIndex = 0; path = Pods_Switcher.framework; sourceTree = BUILT_PRODUCTS_DIR; };
		E5EB7D8FA6184D5ADEE2AF79 /* Pods-Switcher.release.xcconfig */ = {isa = PBXFileReference; includeInIndex = 1; lastKnownFileType = text.xcconfig; name = "Pods-Switcher.release.xcconfig"; path = "Target Support Files/Pods-Switcher/Pods-Switcher.release.xcconfig"; sourceTree = "<group>"; };
/* End PBXFileReference section */

/* Begin PBXFrameworksBuildPhase section */
		43A3462628F6F157005F0172 /* Frameworks */ = {
			isa = PBXFrameworksBuildPhase;
			buildActionMask = 2147483647;
			files = (
				96D0F21C653E80E2A365117B /* Pods_Switcher.framework in Frameworks */,
			);
			runOnlyForDeploymentPostprocessing = 0;
		};
/* End PBXFrameworksBuildPhase section */

/* Begin PBXGroup section */
		43A3462028F6F157005F0172 = {
			isa = PBXGroup;
			children = (
				43A3462B28F6F157005F0172 /* Switcher */,
				43A3462A28F6F157005F0172 /* Products */,
				733F6D708E673CE38856CBF4 /* Pods */,
				6DE05AC49330FCB1F21CD057 /* Frameworks */,
			);
			sourceTree = "<group>";
		};
		43A3462A28F6F157005F0172 /* Products */ = {
			isa = PBXGroup;
			children = (
				43A3462928F6F157005F0172 /* Switcher.app */,
			);
			name = Products;
			sourceTree = "<group>";
		};
		43A3462B28F6F157005F0172 /* Switcher */ = {
			isa = PBXGroup;
			children = (
				43A3464128F6F1D2005F0172 /* bridge.h */,
				43A3464228F6F1D2005F0172 /* bridge.m */,
				43A3462C28F6F157005F0172 /* AppDelegate.swift */,
				43A3462E28F6F157005F0172 /* SceneDelegate.swift */,
				43A3463028F6F157005F0172 /* ViewController.swift */,
				43A3463228F6F157005F0172 /* Main.storyboard */,
				43A3463528F6F158005F0172 /* Assets.xcassets */,
				43A3463728F6F158005F0172 /* LaunchScreen.storyboard */,
				43A3463A28F6F158005F0172 /* Info.plist */,
				43A3464028F6F1D2005F0172 /* Switcher-Bridging-Header.h */,
				43A3464628F7F54B005F0172 /* HistoryCell.swift */,
			);
			path = Switcher;
			sourceTree = "<group>";
		};
		6DE05AC49330FCB1F21CD057 /* Frameworks */ = {
			isa = PBXGroup;
			children = (
				5C6B12BAE7AFB4B9D03D544D /* Pods_Switcher.framework */,
			);
			name = Frameworks;
			sourceTree = "<group>";
		};
		733F6D708E673CE38856CBF4 /* Pods */ = {
			isa = PBXGroup;
			children = (
				58C338809992CAA49A60A538 /* Pods-Switcher.debug.xcconfig */,
				E5EB7D8FA6184D5ADEE2AF79 /* Pods-Switcher.release.xcconfig */,
			);
			path = Pods;
			sourceTree = "<group>";
		};
/* End PBXGroup section */

/* Begin PBXNativeTarget section */
		43A3462828F6F157005F0172 /* Switcher */ = {
			isa = PBXNativeTarget;
			buildConfigurationList = 43A3463D28F6F158005F0172 /* Build configuration list for PBXNativeTarget "Switcher" */;
			buildPhases = (
				FC2DBD2C6CB1BB51A26B286E /* [CP] Check Pods Manifest.lock */,
				0B8F74473A5B316E71779CF7 /* [CP-User] Run Flutter Build switcher Script */,
				43A3462528F6F157005F0172 /* Sources */,
				43A3462628F6F157005F0172 /* Frameworks */,
				43A3462728F6F157005F0172 /* Resources */,
				EAB9F164083E8929E4EC89FB /* [CP-User] Embed Flutter Build switcher Script */,
			);
			buildRules = (
			);
			dependencies = (
			);
			name = Switcher;
			productName = Switcher;
			productReference = 43A3462928F6F157005F0172 /* Switcher.app */;
			productType = "com.apple.product-type.application";
		};
/* End PBXNativeTarget section */

/* Begin PBXProject section */
		43A3462128F6F157005F0172 /* Project object */ = {
			isa = PBXProject;
			attributes = {
				BuildIndependentTargetsInParallel = 1;
				LastSwiftUpdateCheck = 1340;
				LastUpgradeCheck = 1340;
				TargetAttributes = {
					43A3462828F6F157005F0172 = {
						CreatedOnToolsVersion = 13.4.1;
						LastSwiftMigration = 1340;
					};
				};
			};
			buildConfigurationList = 43A3462428F6F157005F0172 /* Build configuration list for PBXProject "Switcher" */;
			compatibilityVersion = "Xcode 13.0";
			developmentRegion = en;
			hasScannedForEncodings = 0;
			knownRegions = (
				en,
				Base,
			);
			mainGroup = 43A3462028F6F157005F0172;
			productRefGroup = 43A3462A28F6F157005F0172 /* Products */;
			projectDirPath = "";
			projectRoot = "";
			targets = (
				43A3462828F6F157005F0172 /* Switcher */,
			);
		};
/* End PBXProject section */

/* Begin PBXResourcesBuildPhase section */
		43A3462728F6F157005F0172 /* Resources */ = {
			isa = PBXResourcesBuildPhase;
			buildActionMask = 2147483647;
			files = (
				43A3463928F6F158005F0172 /* LaunchScreen.storyboard in Resources */,
				43A3463628F6F158005F0172 /* Assets.xcassets in Resources */,
				43A3463428F6F157005F0172 /* Main.storyboard in Resources */,
			);
			runOnlyForDeploymentPostprocessing = 0;
		};
/* End PBXResourcesBuildPhase section */

/* Begin PBXShellScriptBuildPhase section */
		0B8F74473A5B316E71779CF7 /* [CP-User] Run Flutter Build switcher Script */ = {
			isa = PBXShellScriptBuildPhase;
			buildActionMask = 2147483647;
			files = (
			);
			name = "[CP-User] Run Flutter Build switcher Script";
			runOnlyForDeploymentPostprocessing = 0;
			shellPath = /bin/sh;
			shellScript = "set -e\nset -u\nsource \"${SRCROOT}/../../flutter/.ios/Flutter/flutter_export_environment.sh\"\nexport VERBOSE_SCRIPT_LOGGING=1 && \"$FLUTTER_ROOT\"/packages/flutter_tools/bin/xcode_backend.sh build";
		};
		EAB9F164083E8929E4EC89FB /* [CP-User] Embed Flutter Build switcher Script */ = {
			isa = PBXShellScriptBuildPhase;
			buildActionMask = 2147483647;
			files = (
			);
			name = "[CP-User] Embed Flutter Build switcher Script";
			runOnlyForDeploymentPostprocessing = 0;
			shellPath = /bin/sh;
			shellScript = "set -e\nset -u\nsource \"${SRCROOT}/../../flutter/.ios/Flutter/flutter_export_environment.sh\"\nexport VERBOSE_SCRIPT_LOGGING=1 && \"$FLUTTER_ROOT\"/packages/flutter_tools/bin/xcode_backend.sh embed_and_thin";
		};
		FC2DBD2C6CB1BB51A26B286E /* [CP] Check Pods Manifest.lock */ = {
			isa = PBXShellScriptBuildPhase;
			buildActionMask = 2147483647;
			files = (
			);
			inputFileListPaths = (
			);
			inputPaths = (
				"${PODS_PODFILE_DIR_PATH}/Podfile.lock",
				"${PODS_ROOT}/Manifest.lock",
			);
			name = "[CP] Check Pods Manifest.lock";
			outputFileListPaths = (
			);
			outputPaths = (
				"$(DERIVED_FILE_DIR)/Pods-Switcher-checkManifestLockResult.txt",
			);
			runOnlyForDeploymentPostprocessing = 0;
			shellPath = /bin/sh;
			shellScript = "diff \"${PODS_PODFILE_DIR_PATH}/Podfile.lock\" \"${PODS_ROOT}/Manifest.lock\" > /dev/null\nif [ $? != 0 ] ; then\n    # print error to STDERR\n    echo \"error: The sandbox is not in sync with the Podfile.lock. Run 'pod install' or update your CocoaPods installation.\" >&2\n    exit 1\nfi\n# This output is used by Xcode 'outputs' to avoid re-running this script phase.\necho \"SUCCESS\" > \"${SCRIPT_OUTPUT_FILE_0}\"\n";
			showEnvVarsInLog = 0;
		};
/* End PBXShellScriptBuildPhase section */

/* Begin PBXSourcesBuildPhase section */
		43A3462528F6F157005F0172 /* Sources */ = {
			isa = PBXSourcesBuildPhase;
			buildActionMask = 2147483647;
			files = (
				43A3464728F7F54B005F0172 /* HistoryCell.swift in Sources */,
				43A3464328F6F1D2005F0172 /* bridge.m in Sources */,
				43A3463128F6F157005F0172 /* ViewController.swift in Sources */,
				43A3462D28F6F157005F0172 /* AppDelegate.swift in Sources */,
				43A3462F28F6F157005F0172 /* SceneDelegate.swift in Sources */,
			);
			runOnlyForDeploymentPostprocessing = 0;
		};
/* End PBXSourcesBuildPhase section */

/* Begin PBXVariantGroup section */
		43A3463228F6F157005F0172 /* Main.storyboard */ = {
			isa = PBXVariantGroup;
			children = (
				43A3463328F6F157005F0172 /* Base */,
			);
			name = Main.storyboard;
			sourceTree = "<group>";
		};
		43A3463728F6F158005F0172 /* LaunchScreen.storyboard */ = {
			isa = PBXVariantGroup;
			children = (
				43A3463828F6F158005F0172 /* Base */,
			);
			name = LaunchScreen.storyboard;
			sourceTree = "<group>";
		};
/* End PBXVariantGroup section */

/* Begin XCBuildConfiguration section */
		43A3463B28F6F158005F0172 /* Debug */ = {
			isa = XCBuildConfiguration;
			buildSettings = {
				ALWAYS_SEARCH_USER_PATHS = NO;
				CLANG_ANALYZER_NONNULL = YES;
				CLANG_ANALYZER_NUMBER_OBJECT_CONVERSION = YES_AGGRESSIVE;
				CLANG_CXX_LANGUAGE_STANDARD = "gnu++17";
				CLANG_ENABLE_MODULES = YES;
				CLANG_ENABLE_OBJC_ARC = YES;
				CLANG_ENABLE_OBJC_WEAK = YES;
				CLANG_WARN_BLOCK_CAPTURE_AUTORELEASING = YES;
				CLANG_WARN_BOOL_CONVERSION = YES;
				CLANG_WARN_COMMA = YES;
				CLANG_WARN_CONSTANT_CONVERSION = YES;
				CLANG_WARN_DEPRECATED_OBJC_IMPLEMENTATIONS = YES;
				CLANG_WARN_DIRECT_OBJC_ISA_USAGE = YES_ERROR;
				CLANG_WARN_DOCUMENTATION_COMMENTS = YES;
				CLANG_WARN_EMPTY_BODY = YES;
				CLANG_WARN_ENUM_CONVERSION = YES;
				CLANG_WARN_INFINITE_RECURSION = YES;
				CLANG_WARN_INT_CONVERSION = YES;
				CLANG_WARN_NON_LITERAL_NULL_CONVERSION = YES;
				CLANG_WARN_OBJC_IMPLICIT_RETAIN_SELF = YES;
				CLANG_WARN_OBJC_LITERAL_CONVERSION = YES;
				CLANG_WARN_OBJC_ROOT_CLASS = YES_ERROR;
				CLANG_WARN_QUOTED_INCLUDE_IN_FRAMEWORK_HEADER = YES;
				CLANG_WARN_RANGE_LOOP_ANALYSIS = YES;
				CLANG_WARN_STRICT_PROTOTYPES = YES;
				CLANG_WARN_SUSPICIOUS_MOVE = YES;
				CLANG_WARN_UNGUARDED_AVAILABILITY = YES_AGGRESSIVE;
				CLANG_WARN_UNREACHABLE_CODE = YES;
				CLANG_WARN__DUPLICATE_METHOD_MATCH = YES;
				COPY_PHASE_STRIP = NO;
				DEBUG_INFORMATION_FORMAT = dwarf;
				ENABLE_STRICT_OBJC_MSGSEND = YES;
				ENABLE_TESTABILITY = YES;
				GCC_C_LANGUAGE_STANDARD = gnu11;
				GCC_DYNAMIC_NO_PIC = NO;
				GCC_NO_COMMON_BLOCKS = YES;
				GCC_OPTIMIZATION_LEVEL = 0;
				GCC_PREPROCESSOR_DEFINITIONS = (
					"DEBUG=1",
					"$(inherited)",
				);
				GCC_WARN_64_TO_32_BIT_CONVERSION = YES;
				GCC_WARN_ABOUT_RETURN_TYPE = YES_ERROR;
				GCC_WARN_UNDECLARED_SELECTOR = YES;
				GCC_WARN_UNINITIALIZED_AUTOS = YES_AGGRESSIVE;
				GCC_WARN_UNUSED_FUNCTION = YES;
				GCC_WARN_UNUSED_VARIABLE = YES;
				IPHONEOS_DEPLOYMENT_TARGET = 15.5;
				MTL_ENABLE_DEBUG_INFO = INCLUDE_SOURCE;
				MTL_FAST_MATH = YES;
				ONLY_ACTIVE_ARCH = YES;
				SDKROOT = iphoneos;
				SWIFT_ACTIVE_COMPILATION_CONDITIONS = DEBUG;
				SWIFT_OPTIMIZATION_LEVEL = "-Onone";
			};
			name = Debug;
		};
		43A3463C28F6F158005F0172 /* Release */ = {
			isa = XCBuildConfiguration;
			buildSettings = {
				ALWAYS_SEARCH_USER_PATHS = NO;
				CLANG_ANALYZER_NONNULL = YES;
				CLANG_ANALYZER_NUMBER_OBJECT_CONVERSION = YES_AGGRESSIVE;
				CLANG_CXX_LANGUAGE_STANDARD = "gnu++17";
				CLANG_ENABLE_MODULES = YES;
				CLANG_ENABLE_OBJC_ARC = YES;
				CLANG_ENABLE_OBJC_WEAK = YES;
				CLANG_WARN_BLOCK_CAPTURE_AUTORELEASING = YES;
				CLANG_WARN_BOOL_CONVERSION = YES;
				CLANG_WARN_COMMA = YES;
				CLANG_WARN_CONSTANT_CONVERSION = YES;
				CLANG_WARN_DEPRECATED_OBJC_IMPLEMENTATIONS = YES;
				CLANG_WARN_DIRECT_OBJC_ISA_USAGE = YES_ERROR;
				CLANG_WARN_DOCUMENTATION_COMMENTS = YES;
				CLANG_WARN_EMPTY_BODY = YES;
				CLANG_WARN_ENUM_CONVERSION = YES;
				CLANG_WARN_INFINITE_RECURSION = YES;
				CLANG_WARN_INT_CONVERSION = YES;
				CLANG_WARN_NON_LITERAL_NULL_CONVERSION = YES;
				CLANG_WARN_OBJC_IMPLICIT_RETAIN_SELF = YES;
				CLANG_WARN_OBJC_LITERAL_CONVERSION = YES;
				CLANG_WARN_OBJC_ROOT_CLASS = YES_ERROR;
				CLANG_WARN_QUOTED_INCLUDE_IN_FRAMEWORK_HEADER = YES;
				CLANG_WARN_RANGE_LOOP_ANALYSIS = YES;
				CLANG_WARN_STRICT_PROTOTYPES = YES;
				CLANG_WARN_SUSPICIOUS_MOVE = YES;
				CLANG_WARN_UNGUARDED_AVAILABILITY = YES_AGGRESSIVE;
				CLANG_WARN_UNREACHABLE_CODE = YES;
				CLANG_WARN__DUPLICATE_METHOD_MATCH = YES;
				COPY_PHASE_STRIP = NO;
				DEBUG_INFORMATION_FORMAT = "dwarf-with-dsym";
				ENABLE_NS_ASSERTIONS = NO;
				ENABLE_STRICT_OBJC_MSGSEND = YES;
				GCC_C_LANGUAGE_STANDARD = gnu11;
				GCC_NO_COMMON_BLOCKS = YES;
				GCC_WARN_64_TO_32_BIT_CONVERSION = YES;
				GCC_WARN_ABOUT_RETURN_TYPE = YES_ERROR;
				GCC_WARN_UNDECLARED_SELECTOR = YES;
				GCC_WARN_UNINITIALIZED_AUTOS = YES_AGGRESSIVE;
				GCC_WARN_UNUSED_FUNCTION = YES;
				GCC_WARN_UNUSED_VARIABLE = YES;
				IPHONEOS_DEPLOYMENT_TARGET = 15.5;
				MTL_ENABLE_DEBUG_INFO = NO;
				MTL_FAST_MATH = YES;
				SDKROOT = iphoneos;
				SWIFT_COMPILATION_MODE = wholemodule;
				SWIFT_OPTIMIZATION_LEVEL = "-O";
				VALIDATE_PRODUCT = YES;
			};
			name = Release;
		};
		43A3463E28F6F158005F0172 /* Debug */ = {
			isa = XCBuildConfiguration;
			baseConfigurationReference = 58C338809992CAA49A60A538 /* Pods-Switcher.debug.xcconfig */;
			buildSettings = {
				ASSETCATALOG_COMPILER_APPICON_NAME = AppIcon;
				ASSETCATALOG_COMPILER_GLOBAL_ACCENT_COLOR_NAME = AccentColor;
				CLANG_ENABLE_MODULES = YES;
				CODE_SIGN_STYLE = Automatic;
				CURRENT_PROJECT_VERSION = 1;
				DEVELOPMENT_TEAM = U93UQ2HX9H;
				GENERATE_INFOPLIST_FILE = YES;
				INFOPLIST_FILE = Switcher/Info.plist;
				INFOPLIST_KEY_UIApplicationSupportsIndirectInputEvents = YES;
				INFOPLIST_KEY_UILaunchStoryboardName = LaunchScreen;
				INFOPLIST_KEY_UIMainStoryboardFile = Main;
				INFOPLIST_KEY_UISupportedInterfaceOrientations_iPad = "UIInterfaceOrientationPortrait UIInterfaceOrientationPortraitUpsideDown UIInterfaceOrientationLandscapeLeft UIInterfaceOrientationLandscapeRight";
				INFOPLIST_KEY_UISupportedInterfaceOrientations_iPhone = "UIInterfaceOrientationPortrait UIInterfaceOrientationLandscapeLeft UIInterfaceOrientationLandscapeRight";
				LD_RUNPATH_SEARCH_PATHS = (
					"$(inherited)",
					"@executable_path/Frameworks",
				);
				MARKETING_VERSION = 1.0;
				PRODUCT_BUNDLE_IDENTIFIER = de.develappers.Switcher;
				PRODUCT_NAME = "$(TARGET_NAME)";
				SWIFT_EMIT_LOC_STRINGS = YES;
				SWIFT_OBJC_BRIDGING_HEADER = "Switcher/Switcher-Bridging-Header.h";
				SWIFT_OPTIMIZATION_LEVEL = "-Onone";
				SWIFT_VERSION = 5.0;
				TARGETED_DEVICE_FAMILY = "1,2";
			};
			name = Debug;
		};
		43A3463F28F6F158005F0172 /* Release */ = {
			isa = XCBuildConfiguration;
			baseConfigurationReference = E5EB7D8FA6184D5ADEE2AF79 /* Pods-Switcher.release.xcconfig */;
			buildSettings = {
				ASSETCATALOG_COMPILER_APPICON_NAME = AppIcon;
				ASSETCATALOG_COMPILER_GLOBAL_ACCENT_COLOR_NAME = AccentColor;
				CLANG_ENABLE_MODULES = YES;
				CODE_SIGN_STYLE = Automatic;
				CURRENT_PROJECT_VERSION = 1;
				DEVELOPMENT_TEAM = U93UQ2HX9H;
				GENERATE_INFOPLIST_FILE = YES;
				INFOPLIST_FILE = Switcher/Info.plist;
				INFOPLIST_KEY_UIApplicationSupportsIndirectInputEvents = YES;
				INFOPLIST_KEY_UILaunchStoryboardName = LaunchScreen;
				INFOPLIST_KEY_UIMainStoryboardFile = Main;
				INFOPLIST_KEY_UISupportedInterfaceOrientations_iPad = "UIInterfaceOrientationPortrait UIInterfaceOrientationPortraitUpsideDown UIInterfaceOrientationLandscapeLeft UIInterfaceOrientationLandscapeRight";
				INFOPLIST_KEY_UISupportedInterfaceOrientations_iPhone = "UIInterfaceOrientationPortrait UIInterfaceOrientationLandscapeLeft UIInterfaceOrientationLandscapeRight";
				LD_RUNPATH_SEARCH_PATHS = (
					"$(inherited)",
					"@executable_path/Frameworks",
				);
				MARKETING_VERSION = 1.0;
				PRODUCT_BUNDLE_IDENTIFIER = de.develappers.Switcher;
				PRODUCT_NAME = "$(TARGET_NAME)";
				SWIFT_EMIT_LOC_STRINGS = YES;
				SWIFT_OBJC_BRIDGING_HEADER = "Switcher/Switcher-Bridging-Header.h";
				SWIFT_VERSION = 5.0;
				TARGETED_DEVICE_FAMILY = "1,2";
			};
			name = Release;
		};
/* End XCBuildConfiguration section */

/* Begin XCConfigurationList section */
		43A3462428F6F157005F0172 /* Build configuration list for PBXProject "Switcher" */ = {
			isa = XCConfigurationList;
			buildConfigurations = (
				43A3463B28F6F158005F0172 /* Debug */,
				43A3463C28F6F158005F0172 /* Release */,
			);
			defaultConfigurationIsVisible = 0;
			defaultConfigurationName = Release;
		};
		43A3463D28F6F158005F0172 /* Build configuration list for PBXNativeTarget "Switcher" */ = {
			isa = XCConfigurationList;
			buildConfigurations = (
				43A3463E28F6F158005F0172 /* Debug */,
				43A3463F28F6F158005F0172 /* Release */,
			);
			defaultConfigurationIsVisible = 0;
			defaultConfigurationName = Release;
		};
/* End XCConfigurationList section */
	};
	rootObject = 43A3462128F6F157005F0172 /* Project object */;
}
