PODS:
  - Flutter (1.0.0)
  - FlutterPluginRegistrant (0.0.1):
    - Flutter

DEPENDENCIES:
  - Flutter (from `../../flutter/.ios/Flutter`)
  - FlutterPluginRegistrant (from `../../flutter/.ios/Flutter/FlutterPluginRegistrant`)

EXTERNAL SOURCES:
  Flutter:
    :path: "../../flutter/.ios/Flutter"
  FlutterPluginRegistrant:
    :path: "../../flutter/.ios/Flutter/FlutterPluginRegistrant"

SPEC CHECKSUMS:
  Flutter: f04841e97a9d0b0a8025694d0796dd46242b2854
  FlutterPluginRegistrant: 58acfb6cb31ee4ca14f920aba101815efda113ee

PODFILE CHECKSUM: e0e834200eb198a8095463725abf76d2cb13fa15

COCOAPODS: 1.11.3
